{
  "name": "mixed-english-and-chinese-tokenizer",
  "version": "1.0.6",
  "lockfileVersion": 1,
  "requires": true,
  "dependencies": {
    "async": {
      "version": "0.9.2",
      "resolved": "https://registry.npmjs.org/async/-/async-0.9.2.tgz",
      "integrity": "sha1-rqdNXmHB+JlhO/ZL2mbUx48v0X0="
    },
    "bluebird": {
      "version": "2.11.0",
      "resolved": "https://registry.npmjs.org/bluebird/-/bluebird-2.11.0.tgz",
      "integrity": "sha1-U0uQM8AiyVecVro7Plpcqvu2UOE="
    },
    "chinese-tokenizer": {
      "version": "2.0.0",
      "resolved": "https://registry.npmjs.org/chinese-tokenizer/-/chinese-tokenizer-2.0.0.tgz",
      "integrity": "sha512-tJkB3DwqHBhILdaXjrUhCyskMlS8axMY4+smHtWSRPkyXTdWLE002BGmGd39kqSXSCkCPM91KtZJ7bCJX8WjBA==",
      "requires": {
        "prettify-pinyin": "^0.1.5"
      }
    },
    "chownr": {
      "version": "1.0.1",
      "resolved": "https://registry.npmjs.org/chownr/-/chownr-1.0.1.tgz",
      "integrity": "sha1-4qdQQqlVGQi+vSW4Uj1fl2nXkYE="
    },
    "contains-chinese": {
      "version": "1.0.0",
      "resolved": "https://registry.npmjs.org/contains-chinese/-/contains-chinese-1.0.0.tgz",
      "integrity": "sha512-ed/6fWFGA2+bnrE+3B7sQRW4nisdaaOqoW+vCTYE0rJjnDsaO0DpHxvdB83+ALw04RW/a6SNYRJ4KmdyC1NJWg=="
    },
    "es6-shim": {
      "version": "0.22.2",
      "resolved": "https://registry.npmjs.org/es6-shim/-/es6-shim-0.22.2.tgz",
      "integrity": "sha1-Sv58VLuSsXjl1GTdXZwxxXQtdSE="
    },
    "expand-contractions": {
      "version": "1.0.1",
      "resolved": "https://registry.npmjs.org/expand-contractions/-/expand-contractions-1.0.1.tgz",
      "integrity": "sha512-DPysDL6nIbqoNs7oo7Ud+ZKTmSZ9iCC2AUnVJmLw3+/YOafcYd2Wu+3NFpqD6ZTZeYhEoOb/2weCiLcn/WSwLA=="
    },
    "fs-minipass": {
      "version": "1.2.5",
      "resolved": "https://registry.npmjs.org/fs-minipass/-/fs-minipass-1.2.5.tgz",
      "integrity": "sha512-JhBl0skXjUPCFH7x6x61gQxrKyXsxB5gcgePLZCwfyCGGsTISMoIeObbrvVeP6Xmyaudw4TT43qV2Gz+iyd2oQ==",
      "requires": {
        "minipass": "^2.2.1"
      }
    },
    "lemmer": {
      "version": "0.3.0",
      "resolved": "https://registry.npmjs.org/lemmer/-/lemmer-0.3.0.tgz",
      "integrity": "sha1-ecPRlwU5ugf9OVS6TvzGlhyA3Lo=",
      "requires": {
        "lodash": "^4.17.2",
        "node-wordnet": "^0.1.12",
        "wndb-with-exceptions": "^3.0.1"
      }
    },
    "lodash": {
      "version": "4.17.10",
      "resolved": "https://registry.npmjs.org/lodash/-/lodash-4.17.10.tgz",
      "integrity": "sha512-UejweD1pDoXu+AD825lWwp4ZGtSwgnpZxb3JDViD7StjQz+Nb/6l093lx4OQ0foGWNRoc19mWy7BzL+UAK2iVg=="
    },
    "lru-cache": {
      "version": "2.7.3",
      "resolved": "https://registry.npmjs.org/lru-cache/-/lru-cache-2.7.3.tgz",
      "integrity": "sha1-bUUk6LlV+V1PW1iFHOId1y+06VI="
    },
    "minimist": {
      "version": "0.0.8",
      "resolved": "https://registry.npmjs.org/minimist/-/minimist-0.0.8.tgz",
      "integrity": "sha1-hX/Kv8M5fSYluCKCYuhqp6ARsF0="
    },
    "minipass": {
      "version": "2.3.3",
      "resolved": "https://registry.npmjs.org/minipass/-/minipass-2.3.3.tgz",
      "integrity": "sha512-/jAn9/tEX4gnpyRATxgHEOV6xbcyxgT7iUnxo9Y3+OB0zX00TgKIv/2FZCf5brBbICcwbLqVv2ImjvWWrQMSYw==",
      "requires": {
        "safe-buffer": "^5.1.2",
        "yallist": "^3.0.0"
      }
    },
    "minizlib": {
      "version": "1.1.0",
      "resolved": "https://registry.npmjs.org/minizlib/-/minizlib-1.1.0.tgz",
      "integrity": "sha512-4T6Ur/GctZ27nHfpt9THOdRZNgyJ9FZchYO1ceg5S8Q3DNLCKYy44nCZzgCJgcvx2UM8czmqak5BCxJMrq37lA==",
      "requires": {
        "minipass": "^2.2.1"
      }
    },
    "mkdirp": {
      "version": "0.5.1",
      "resolved": "https://registry.npmjs.org/mkdirp/-/mkdirp-0.5.1.tgz",
      "integrity": "sha1-MAV0OOrGz3+MR2fzhkjWaX11yQM=",
      "requires": {
        "minimist": "0.0.8"
      }
    },
    "node-wordnet": {
      "version": "0.1.12",
      "resolved": "https://registry.npmjs.org/node-wordnet/-/node-wordnet-0.1.12.tgz",
      "integrity": "sha1-YrBWj138GIvQLRNs9zCDKVL6nBs=",
      "requires": {
        "async": "^0.9.0",
        "bluebird": "^2.6.0",
        "es6-shim": "^0.22.1",
        "lru-cache": "^2.5.0"
      }
    },
    "prettify-pinyin": {
      "version": "0.1.5",
      "resolved": "https://registry.npmjs.org/prettify-pinyin/-/prettify-pinyin-0.1.5.tgz",
      "integrity": "sha1-2h+eqPCHaMI8gwBkKW6sK+Bby1E="
    },
    "safe-buffer": {
      "version": "5.1.2",
      "resolved": "https://registry.npmjs.org/safe-buffer/-/safe-buffer-5.1.2.tgz",
      "integrity": "sha512-Gd2UZBJDkXlY7GbJxfsE8/nvKkUEU1G38c1siN6QP6a9PT9MmHB8GnpscSmMJSoF8LOIrt8ud/wPtojys4G6+g=="
    },
    "should": {
      "version": "13.2.3",
      "resolved": "https://registry.npmjs.org/should/-/should-13.2.3.tgz",
      "integrity": "sha512-ggLesLtu2xp+ZxI+ysJTmNjh2U0TsC+rQ/pfED9bUZZ4DKefP27D+7YJVVTvKsmjLpIi9jAa7itwDGkDDmt1GQ==",
      "dev": true,
      "requires": {
        "should-equal": "^2.0.0",
        "should-format": "^3.0.3",
        "should-type": "^1.4.0",
        "should-type-adaptors": "^1.0.1",
        "should-util": "^1.0.0"
      }
    },
    "should-equal": {
      "version": "2.0.0",
      "resolved": "https://registry.npmjs.org/should-equal/-/should-equal-2.0.0.tgz",
      "integrity": "sha512-ZP36TMrK9euEuWQYBig9W55WPC7uo37qzAEmbjHz4gfyuXrEUgF8cUvQVO+w+d3OMfPvSRQJ22lSm8MQJ43LTA==",
      "dev": true,
      "requires": {
        "should-type": "^1.4.0"
      }
    },
    "should-format": {
      "version": "3.0.3",
      "resolved": "https://registry.npmjs.org/should-format/-/should-format-3.0.3.tgz",
      "integrity": "sha1-m/yPdPo5IFxT04w01xcwPidxJPE=",
      "dev": true,
      "requires": {
        "should-type": "^1.3.0",
        "should-type-adaptors": "^1.0.1"
      }
    },
    "should-type": {
      "version": "1.4.0",
      "resolved": "https://registry.npmjs.org/should-type/-/should-type-1.4.0.tgz",
      "integrity": "sha1-B1bYzoRt/QmEOmlHcZ36DUz/XPM=",
      "dev": true
    },
    "should-type-adaptors": {
      "version": "1.1.0",
      "resolved": "https://registry.npmjs.org/should-type-adaptors/-/should-type-adaptors-1.1.0.tgz",
      "integrity": "sha512-JA4hdoLnN+kebEp2Vs8eBe9g7uy0zbRo+RMcU0EsNy+R+k049Ki+N5tT5Jagst2g7EAja+euFuoXFCa8vIklfA==",
      "dev": true,
      "requires": {
        "should-type": "^1.3.0",
        "should-util": "^1.0.0"
      }
    },
    "should-util": {
      "version": "1.0.0",
      "resolved": "https://registry.npmjs.org/should-util/-/should-util-1.0.0.tgz",
      "integrity": "sha1-yYzaN0qmsZDfi6h8mInCtNtiAGM=",
      "dev": true
    },
    "tar": {
      "version": "4.4.4",
      "resolved": "https://registry.npmjs.org/tar/-/tar-4.4.4.tgz",
      "integrity": "sha512-mq9ixIYfNF9SK0IS/h2HKMu8Q2iaCuhDDsZhdEag/FHv8fOaYld4vN7ouMgcSSt5WKZzPs8atclTcJm36OTh4w==",
      "requires": {
        "chownr": "^1.0.1",
        "fs-minipass": "^1.2.5",
        "minipass": "^2.3.3",
        "minizlib": "^1.1.0",
        "mkdirp": "^0.5.0",
        "safe-buffer": "^5.1.2",
        "yallist": "^3.0.2"
      }
    },
    "wndb-with-exceptions": {
      "version": "3.0.2",
      "resolved": "https://registry.npmjs.org/wndb-with-exceptions/-/wndb-with-exceptions-3.0.2.tgz",
      "integrity": "sha1-cEjBvn4NE9IxpR5Ajgs3QmAAvLs=",
      "requires": {
        "tar": "^4.4.4"
      }
    },
    "yallist": {
      "version": "3.0.2",
      "resolved": "https://registry.npmjs.org/yallist/-/yallist-3.0.2.tgz",
      "integrity": "sha1-hFK0u36Dx8GI2AQcGoN8dz1ti7k="
    }
  }
}
